
Microsoft Visual Studio Solution File, Format Version 12.00
# Visual Studio Version 16
VisualStudioVersion = 16.0.30907.101
MinimumVisualStudioVersion = 10.0.40219.1
Project("{FAE04EC0-301F-11D3-BF4B-00C04F79EFBC}") = "GetHistory_Server", "GetHistory_Server\GetHistory_Server.csproj", "{92C649C0-E624-48E8-8BE6-2FD123D851AD}"
EndProject
Project("{9A19103F-16F7-4668-BE54-9A1E7A4F7556}") = "GetHistory_Client", "GetHistory_Client\GetHistory_Client.csproj", "{8186991B-C0D0-48A2-B263-1EF6BC6445A4}"
EndProject
Project("{FAE04EC0-301F-11D3-BF4B-00C04F79EFBC}") = "UrlHistoryLibrary", "..\..\..\Desktop\ponta_demo\UrlHistoryLibrary\UrlHistoryLibrary.csproj", "{0CCA76D3-8423-4099-AE2B-82CDD2C0BFEC}"
EndProject
Global
	GlobalSection(SolutionConfigurationPlatforms) = preSolution
		Debug|Any CPU = Debug|Any CPU
		Release|Any CPU = Release|Any CPU
	EndGlobalSection
	GlobalSection(ProjectConfigurationPlatforms) = postSolution
		{92C649C0-E624-48E8-8BE6-2FD123D851AD}.Debug|Any CPU.ActiveCfg = Debug|Any CPU
		{92C649C0-E624-48E8-8BE6-2FD123D851AD}.Debug|Any CPU.Build.0 = Debug|Any CPU
		{92C649C0-E624-48E8-8BE6-2FD123D851AD}.Release|Any CPU.ActiveCfg = Release|Any CPU
		{92C649C0-E624-48E8-8BE6-2FD123D851AD}.Release|Any CPU.Build.0 = Release|Any CPU
		{8186991B-C0D0-48A2-B263-1EF6BC6445A4}.Debug|Any CPU.ActiveCfg = Debug|Any CPU
		{8186991B-C0D0-48A2-B263-1EF6BC6445A4}.Debug|Any CPU.Build.0 = Debug|Any CPU
		{8186991B-C0D0-48A2-B263-1EF6BC6445A4}.Release|Any CPU.ActiveCfg = Release|Any CPU
		{8186991B-C0D0-48A2-B263-1EF6BC6445A4}.Release|Any CPU.Build.0 = Release|Any CPU
		{0CCA76D3-8423-4099-AE2B-82CDD2C0BFEC}.Debug|Any CPU.ActiveCfg = Debug|Any CPU
		{0CCA76D3-8423-4099-AE2B-82CDD2C0BFEC}.Debug|Any CPU.Build.0 = Debug|Any CPU
		{0CCA76D3-8423-4099-AE2B-82CDD2C0BFEC}.Release|Any CPU.ActiveCfg = Release|Any CPU
		{0CCA76D3-8423-4099-AE2B-82CDD2C0BFEC}.Release|Any CPU.Build.0 = Release|Any CPU
	EndGlobalSection
	GlobalSection(SolutionProperties) = preSolution
		HideSolutionNode = FALSE
	EndGlobalSection
	GlobalSection(ExtensibilityGlobals) = postSolution
		SolutionGuid = {AB8D9410-12EC-41FB-801E-D5235F413E2A}
	EndGlobalSection
EndGlobal
